
Microsoft Visual Studio Solution File, Format Version 12.00
# Visual Studio Version 16
VisualStudioVersion = 16.0.29509.3
MinimumVisualStudioVersion = 10.0.40219.1
Project("{FAE04EC0-301F-11D3-BF4B-00C04F79EFBC}") = "XeIdeas", "XeIdeas\XeIdeas.csproj", "{E015CDE5-A772-440F-8B85-1E1735836BD9}"
EndProject
Global
	GlobalSection(SolutionConfigurationPlatforms) = preSolution
		Debug|Any CPU = Debug|Any CPU
		Release|Any CPU = Release|Any CPU
	EndGlobalSection
	GlobalSection(ProjectConfigurationPlatforms) = postSolution
		{E015CDE5-A772-440F-8B85-1E1735836BD9}.Debug|Any CPU.ActiveCfg = Debug|Any CPU
		{E015CDE5-A772-440F-8B85-1E1735836BD9}.Debug|Any CPU.Build.0 = Debug|Any CPU
		{E015CDE5-A772-440F-8B85-1E1735836BD9}.Release|Any CPU.ActiveCfg = Release|Any CPU
		{E015CDE5-A772-440F-8B85-1E1735836BD9}.Release|Any CPU.Build.0 = Release|Any CPU
	EndGlobalSection
	GlobalSection(SolutionProperties) = preSolution
		HideSolutionNode = FALSE
	EndGlobalSection
	GlobalSection(ExtensibilityGlobals) = postSolution
		SolutionGuid = {1207021C-7B02-4027-8F96-91893CA8BF5D}
	EndGlobalSection
EndGlobal
